
Microsoft Visual Studio Solution File, Format Version 12.00
# Visual Studio Version 16
VisualStudioVersion = 16.6.30114.105
MinimumVisualStudioVersion = 10.0.40219.1
Project("{2150E333-8FDC-42A3-9474-1A3956D46DE8}") = "src", "src", "{57809E0A-0357-4148-855C-1979D1B8F96C}"
EndProject
Project("{2150E333-8FDC-42A3-9474-1A3956D46DE8}") = "Domain", "Domain", "{5CCCD428-0040-4A70-B2A2-E03FF3BBF5B0}"
EndProject
Project("{FAE04EC0-301F-11D3-BF4B-00C04F79EFBC}") = "SSP.Domain", "src\Domain\SSP.Domain\SSP.Domain.csproj", "{41AB5918-7763-499B-8650-263A012457BC}"
EndProject
Project("{2150E333-8FDC-42A3-9474-1A3956D46DE8}") = "Presentation", "Presentation", "{78D3E527-37DA-401B-888B-5294B00107A2}"
EndProject
Project("{FAE04EC0-301F-11D3-BF4B-00C04F79EFBC}") = "SSP.Presentation.WebApi", "src\Presentation\SSP.Presentation.WebApi\SSP.Presentation.WebApi.csproj", "{32A5388F-CD57-4DE8-B729-191E8C022CDC}"
EndProject
Project("{2150E333-8FDC-42A3-9474-1A3956D46DE8}") = "Application", "Application", "{C4FCC424-03C8-4FC4-BDE7-7C28A5062886}"
EndProject
Project("{FAE04EC0-301F-11D3-BF4B-00C04F79EFBC}") = "SSP.Application.Service", "src\Application\SSP.Application.Service\SSP.Application.Service.csproj", "{59A1AD28-DE13-4C8C-BD5C-E964ADD66BC3}"
EndProject
Project("{2150E333-8FDC-42A3-9474-1A3956D46DE8}") = "Infra", "Infra", "{0BDC8E12-336F-477F-A110-4DE166ADA128}"
EndProject
Project("{2150E333-8FDC-42A3-9474-1A3956D46DE8}") = "CrossCutting", "CrossCutting", "{008CE9C4-3F9E-46D4-9C4F-1FFF85C10B2A}"
EndProject
Project("{FAE04EC0-301F-11D3-BF4B-00C04F79EFBC}") = "SSP.Infra.CrossCutting", "src\Infra\CrossCutting\SSP.Infra.CrossCutting\SSP.Infra.CrossCutting.csproj", "{2A3599B4-944D-4583-B3D1-66CAD3991D8F}"
EndProject
Project("{2150E333-8FDC-42A3-9474-1A3956D46DE8}") = "Data", "Data", "{2B0BBD54-D172-4B98-A18C-2FC95146B16C}"
EndProject
Project("{FAE04EC0-301F-11D3-BF4B-00C04F79EFBC}") = "SSP.Infra.Data", "src\Infra\Data\SSP.Infra.Data\SSP.Infra.Data.csproj", "{8BEE6124-CD13-412F-B764-8A9511749A2C}"
EndProject
Global
	GlobalSection(SolutionConfigurationPlatforms) = preSolution
		Debug|Any CPU = Debug|Any CPU
		Debug|x64 = Debug|x64
		Debug|x86 = Debug|x86
		Release|Any CPU = Release|Any CPU
		Release|x64 = Release|x64
		Release|x86 = Release|x86
	EndGlobalSection
	GlobalSection(SolutionProperties) = preSolution
		HideSolutionNode = FALSE
	EndGlobalSection
	GlobalSection(ProjectConfigurationPlatforms) = postSolution
		{41AB5918-7763-499B-8650-263A012457BC}.Debug|Any CPU.ActiveCfg = Debug|Any CPU
		{41AB5918-7763-499B-8650-263A012457BC}.Debug|Any CPU.Build.0 = Debug|Any CPU
		{41AB5918-7763-499B-8650-263A012457BC}.Debug|x64.ActiveCfg = Debug|Any CPU
		{41AB5918-7763-499B-8650-263A012457BC}.Debug|x64.Build.0 = Debug|Any CPU
		{41AB5918-7763-499B-8650-263A012457BC}.Debug|x86.ActiveCfg = Debug|Any CPU
		{41AB5918-7763-499B-8650-263A012457BC}.Debug|x86.Build.0 = Debug|Any CPU
		{41AB5918-7763-499B-8650-263A012457BC}.Release|Any CPU.ActiveCfg = Release|Any CPU
		{41AB5918-7763-499B-8650-263A012457BC}.Release|Any CPU.Build.0 = Release|Any CPU
		{41AB5918-7763-499B-8650-263A012457BC}.Release|x64.ActiveCfg = Release|Any CPU
		{41AB5918-7763-499B-8650-263A012457BC}.Release|x64.Build.0 = Release|Any CPU
		{41AB5918-7763-499B-8650-263A012457BC}.Release|x86.ActiveCfg = Release|Any CPU
		{41AB5918-7763-499B-8650-263A012457BC}.Release|x86.Build.0 = Release|Any CPU
		{32A5388F-CD57-4DE8-B729-191E8C022CDC}.Debug|Any CPU.ActiveCfg = Debug|Any CPU
		{32A5388F-CD57-4DE8-B729-191E8C022CDC}.Debug|Any CPU.Build.0 = Debug|Any CPU
		{32A5388F-CD57-4DE8-B729-191E8C022CDC}.Debug|x64.ActiveCfg = Debug|Any CPU
		{32A5388F-CD57-4DE8-B729-191E8C022CDC}.Debug|x64.Build.0 = Debug|Any CPU
		{32A5388F-CD57-4DE8-B729-191E8C022CDC}.Debug|x86.ActiveCfg = Debug|Any CPU
		{32A5388F-CD57-4DE8-B729-191E8C022CDC}.Debug|x86.Build.0 = Debug|Any CPU
		{32A5388F-CD57-4DE8-B729-191E8C022CDC}.Release|Any CPU.ActiveCfg = Release|Any CPU
		{32A5388F-CD57-4DE8-B729-191E8C022CDC}.Release|Any CPU.Build.0 = Release|Any CPU
		{32A5388F-CD57-4DE8-B729-191E8C022CDC}.Release|x64.ActiveCfg = Release|Any CPU
		{32A5388F-CD57-4DE8-B729-191E8C022CDC}.Release|x64.Build.0 = Release|Any CPU
		{32A5388F-CD57-4DE8-B729-191E8C022CDC}.Release|x86.ActiveCfg = Release|Any CPU
		{32A5388F-CD57-4DE8-B729-191E8C022CDC}.Release|x86.Build.0 = Release|Any CPU
		{59A1AD28-DE13-4C8C-BD5C-E964ADD66BC3}.Debug|Any CPU.ActiveCfg = Debug|Any CPU
		{59A1AD28-DE13-4C8C-BD5C-E964ADD66BC3}.Debug|Any CPU.Build.0 = Debug|Any CPU
		{59A1AD28-DE13-4C8C-BD5C-E964ADD66BC3}.Debug|x64.ActiveCfg = Debug|Any CPU
		{59A1AD28-DE13-4C8C-BD5C-E964ADD66BC3}.Debug|x64.Build.0 = Debug|Any CPU
		{59A1AD28-DE13-4C8C-BD5C-E964ADD66BC3}.Debug|x86.ActiveCfg = Debug|Any CPU
		{59A1AD28-DE13-4C8C-BD5C-E964ADD66BC3}.Debug|x86.Build.0 = Debug|Any CPU
		{59A1AD28-DE13-4C8C-BD5C-E964ADD66BC3}.Release|Any CPU.ActiveCfg = Release|Any CPU
		{59A1AD28-DE13-4C8C-BD5C-E964ADD66BC3}.Release|Any CPU.Build.0 = Release|Any CPU
		{59A1AD28-DE13-4C8C-BD5C-E964ADD66BC3}.Release|x64.ActiveCfg = Release|Any CPU
		{59A1AD28-DE13-4C8C-BD5C-E964ADD66BC3}.Release|x64.Build.0 = Release|Any CPU
		{59A1AD28-DE13-4C8C-BD5C-E964ADD66BC3}.Release|x86.ActiveCfg = Release|Any CPU
		{59A1AD28-DE13-4C8C-BD5C-E964ADD66BC3}.Release|x86.Build.0 = Release|Any CPU
		{2A3599B4-944D-4583-B3D1-66CAD3991D8F}.Debug|Any CPU.ActiveCfg = Debug|Any CPU
		{2A3599B4-944D-4583-B3D1-66CAD3991D8F}.Debug|Any CPU.Build.0 = Debug|Any CPU
		{2A3599B4-944D-4583-B3D1-66CAD3991D8F}.Debug|x64.ActiveCfg = Debug|Any CPU
		{2A3599B4-944D-4583-B3D1-66CAD3991D8F}.Debug|x64.Build.0 = Debug|Any CPU
		{2A3599B4-944D-4583-B3D1-66CAD3991D8F}.Debug|x86.ActiveCfg = Debug|Any CPU
		{2A3599B4-944D-4583-B3D1-66CAD3991D8F}.Debug|x86.Build.0 = Debug|Any CPU
		{2A3599B4-944D-4583-B3D1-66CAD3991D8F}.Release|Any CPU.ActiveCfg = Release|Any CPU
		{2A3599B4-944D-4583-B3D1-66CAD3991D8F}.Release|Any CPU.Build.0 = Release|Any CPU
		{2A3599B4-944D-4583-B3D1-66CAD3991D8F}.Release|x64.ActiveCfg = Release|Any CPU
		{2A3599B4-944D-4583-B3D1-66CAD3991D8F}.Release|x64.Build.0 = Release|Any CPU
		{2A3599B4-944D-4583-B3D1-66CAD3991D8F}.Release|x86.ActiveCfg = Release|Any CPU
		{2A3599B4-944D-4583-B3D1-66CAD3991D8F}.Release|x86.Build.0 = Release|Any CPU
		{8BEE6124-CD13-412F-B764-8A9511749A2C}.Debug|Any CPU.ActiveCfg = Debug|Any CPU
		{8BEE6124-CD13-412F-B764-8A9511749A2C}.Debug|Any CPU.Build.0 = Debug|Any CPU
		{8BEE6124-CD13-412F-B764-8A9511749A2C}.Debug|x64.ActiveCfg = Debug|Any CPU
		{8BEE6124-CD13-412F-B764-8A9511749A2C}.Debug|x64.Build.0 = Debug|Any CPU
		{8BEE6124-CD13-412F-B764-8A9511749A2C}.Debug|x86.ActiveCfg = Debug|Any CPU
		{8BEE6124-CD13-412F-B764-8A9511749A2C}.Debug|x86.Build.0 = Debug|Any CPU
		{8BEE6124-CD13-412F-B764-8A9511749A2C}.Release|Any CPU.ActiveCfg = Release|Any CPU
		{8BEE6124-CD13-412F-B764-8A9511749A2C}.Release|Any CPU.Build.0 = Release|Any CPU
		{8BEE6124-CD13-412F-B764-8A9511749A2C}.Release|x64.ActiveCfg = Release|Any CPU
		{8BEE6124-CD13-412F-B764-8A9511749A2C}.Release|x64.Build.0 = Release|Any CPU
		{8BEE6124-CD13-412F-B764-8A9511749A2C}.Release|x86.ActiveCfg = Release|Any CPU
		{8BEE6124-CD13-412F-B764-8A9511749A2C}.Release|x86.Build.0 = Release|Any CPU
	EndGlobalSection
	GlobalSection(NestedProjects) = preSolution
		{5CCCD428-0040-4A70-B2A2-E03FF3BBF5B0} = {57809E0A-0357-4148-855C-1979D1B8F96C}
		{41AB5918-7763-499B-8650-263A012457BC} = {5CCCD428-0040-4A70-B2A2-E03FF3BBF5B0}
		{78D3E527-37DA-401B-888B-5294B00107A2} = {57809E0A-0357-4148-855C-1979D1B8F96C}
		{32A5388F-CD57-4DE8-B729-191E8C022CDC} = {78D3E527-37DA-401B-888B-5294B00107A2}
		{C4FCC424-03C8-4FC4-BDE7-7C28A5062886} = {57809E0A-0357-4148-855C-1979D1B8F96C}
		{59A1AD28-DE13-4C8C-BD5C-E964ADD66BC3} = {C4FCC424-03C8-4FC4-BDE7-7C28A5062886}
		{0BDC8E12-336F-477F-A110-4DE166ADA128} = {57809E0A-0357-4148-855C-1979D1B8F96C}
		{008CE9C4-3F9E-46D4-9C4F-1FFF85C10B2A} = {0BDC8E12-336F-477F-A110-4DE166ADA128}
		{2A3599B4-944D-4583-B3D1-66CAD3991D8F} = {008CE9C4-3F9E-46D4-9C4F-1FFF85C10B2A}
		{2B0BBD54-D172-4B98-A18C-2FC95146B16C} = {0BDC8E12-336F-477F-A110-4DE166ADA128}
		{8BEE6124-CD13-412F-B764-8A9511749A2C} = {2B0BBD54-D172-4B98-A18C-2FC95146B16C}
	EndGlobalSection
EndGlobal
